<?xml version="1.0" encoding="utf-8"?>
<Project ToolsVersion="4.0" xmlns="http://schemas.microsoft.com/developer/msbuild/2003">
  <ItemGroup>
    <Filter Include="Source Files">
      <UniqueIdentifier>{4FC737F1-C7A5-4376-A066-2A32D752A2FF}</UniqueIdentifier>
      <Extensions>cpp;c;cc;cxx;def;odl;idl;hpj;bat;asm;asmx</Extensions>
    </Filter>
    <Filter Include="Header Files">
      <UniqueIdentifier>{93995380-89BD-4b04-88EB-625FBE52EBFB}</UniqueIdentifier>
      <Extensions>h;hpp;hxx;hm;inl;inc;xsd</Extensions>
    </Filter>
    <Filter Include="Wrappers">
      <UniqueIdentifier>{f022964d-abda-4556-9922-41d3514f8823}</UniqueIdentifier>
    </Filter>
  </ItemGroup>
  <ItemGroup>
    <ClCompile Include="AssemblyInfo.cpp">
      <Filter>Source Files</Filter>
    </ClCompile>
    <ClCompile Include="AABB.cpp">
      <Filter>Wrappers</Filter>
    </ClCompile>
    <ClCompile Include="Body.cpp">
      <Filter>Wrappers</Filter>
    </ClCompile>
    <ClCompile Include="BodyDef.cpp">
      <Filter>Wrappers</Filter>
    </ClCompile>
    <ClCompile Include="Contact.cpp">
      <Filter>Wrappers</Filter>
    </ClCompile>
    <ClCompile Include="Delegates.cpp">
      <Filter>Wrappers</Filter>
    </ClCompile>
    <ClCompile Include="Joint.cpp">
      <Filter>Wrappers</Filter>
    </ClCompile>
    <ClCompile Include="JointDef.cpp">
      <Filter>Wrappers</Filter>
    </ClCompile>
    <ClCompile Include="Manifold.cpp">
      <Filter>Wrappers</Filter>
    </ClCompile>
    <ClCompile Include="ManifoldPoint.cpp">
      <Filter>Wrappers</Filter>
    </ClCompile>
    <ClCompile Include="MassData.cpp">
      <Filter>Wrappers</Filter>
    </ClCompile>
    <ClCompile Include="Matrix.cpp">
      <Filter>Wrappers</Filter>
    </ClCompile>
    <ClCompile Include="RevoluteJoint.cpp">
      <Filter>Wrappers</Filter>
    </ClCompile>
    <ClCompile Include="Shape.cpp">
      <Filter>Wrappers</Filter>
    </ClCompile>
    <ClCompile Include="ShapeDef.cpp">
      <Filter>Wrappers</Filter>
    </ClCompile>
    <ClCompile Include="ShapeType.cpp">
      <Filter>Wrappers</Filter>
    </ClCompile>
    <ClCompile Include="VariousImplementations.cpp">
      <Filter>Wrappers</Filter>
    </ClCompile>
    <ClCompile Include="Vector.cpp">
      <Filter>Wrappers</Filter>
    </ClCompile>
    <ClCompile Include="World.cpp">
      <Filter>Wrappers</Filter>
    </ClCompile>
    <ClCompile Include="XForm.cpp">
      <Filter>Wrappers</Filter>
    </ClCompile>
  </ItemGroup>
  <ItemGroup>
    <ClInclude Include="Stdafx.h">
      <Filter>Header Files</Filter>
    </ClInclude>
    <ClInclude Include="Shape.h">
      <Filter>Wrappers</Filter>
    </ClInclude>
  </ItemGroup>
</Project>